
Microsoft Visual Studio Solution File, Format Version 12.00
# Visual Studio 2013
VisualStudioVersion = 12.0.30501.0
MinimumVisualStudioVersion = 10.0.40219.1
Project("{8BC9CEB8-8B4A-11D0-8D11-00A0C91BC942}") = "Compiler", "Compiler\Compiler.vcxproj", "{D8007FDD-F3DF-4D5D-9697-31C9DA9EAAA2}"
EndProject
Global
	GlobalSection(SolutionConfigurationPlatforms) = preSolution
		Debug|Win32 = Debug|Win32
		Release|Win32 = Release|Win32
	EndGlobalSection
	GlobalSection(ProjectConfigurationPlatforms) = postSolution
		{D8007FDD-F3DF-4D5D-9697-31C9DA9EAAA2}.Debug|Win32.ActiveCfg = Debug|Win32
		{D8007FDD-F3DF-4D5D-9697-31C9DA9EAAA2}.Debug|Win32.Build.0 = Debug|Win32
		{D8007FDD-F3DF-4D5D-9697-31C9DA9EAAA2}.Release|Win32.ActiveCfg = Release|Win32
		{D8007FDD-F3DF-4D5D-9697-31C9DA9EAAA2}.Release|Win32.Build.0 = Release|Win32
	EndGlobalSection
	GlobalSection(SolutionProperties) = preSolution
		HideSolutionNode = FALSE
	EndGlobalSection
EndGlobal
